<?xml version="1.0" encoding="utf-8"?>
<Project ToolsVersion="4.0" xmlns="http://schemas.microsoft.com/developer/msbuild/2003">
  <ItemGroup>
    <Filter Include="Graphics">
      <UniqueIdentifier>{42cb4c2a-940a-4d86-89b3-69e8a88c46e6}</UniqueIdentifier>
    </Filter>
    <Filter Include="System">
      <UniqueIdentifier>{2e1ee809-0898-445f-9668-3cb7659a3785}</UniqueIdentifier>
    </Filter>
    <Filter Include="System\ECS">
      <UniqueIdentifier>{56833b68-eeea-49ca-9cbd-15224b0c6684}</UniqueIdentifier>
    </Filter>
    <Filter Include="Graphics\Shaders">
      <UniqueIdentifier>{eaf23892-98b2-4364-9f3f-0c117332d066}</UniqueIdentifier>
    </Filter>
    <Filter Include="ImGui">
      <UniqueIdentifier>{5bada4db-e388-4c4d-8c1f-4289f0f1073e}</UniqueIdentifier>
    </Filter>
    <Filter Include="Utils">
      <UniqueIdentifier>{5c46779a-b2e4-42e4-97e1-5d33a0201b50}</UniqueIdentifier>
    </Filter>
    <Filter Include="Include">
      <UniqueIdentifier>{50d3cfdf-b5e2-4f43-9d06-2ab8b4b8236c}</UniqueIdentifier>
    </Filter>
    <Filter Include="Renderer">
      <UniqueIdentifier>{9253dd25-72ae-4f34-8374-b16ab72ba764}</UniqueIdentifier>
    </Filter>
    <Filter Include="Graphics\DirectX11">
      <UniqueIdentifier>{4c15de7a-95ef-459e-9e0a-52803d51b61f}</UniqueIdentifier>
    </Filter>
    <Filter Include="Graphics\Shaders\PostProcess">
      <UniqueIdentifier>{5057376d-493b-4720-8404-435d1abfc864}</UniqueIdentifier>
    </Filter>
    <Filter Include="Configuration">
      <UniqueIdentifier>{2bb9e235-2a1b-4260-89db-586035df0215}</UniqueIdentifier>
    </Filter>
    <Filter Include="System\Components">
      <UniqueIdentifier>{37db13ba-119e-4e6f-b394-18b0bbeda61e}</UniqueIdentifier>
    </Filter>
    <Filter Include="Renderer\Effects">
      <UniqueIdentifier>{8e711586-5004-414e-9116-0dd3365b9661}</UniqueIdentifier>
    </Filter>
    <Filter Include="Renderer\RenderPasses">
      <UniqueIdentifier>{2b18eac4-5b70-4432-879c-dcd0981a7a8f}</UniqueIdentifier>
    </Filter>
    <Filter Include="Graphics\Objects">
      <UniqueIdentifier>{3471d63c-4a0a-45e1-9f7e-e3980b702fc0}</UniqueIdentifier>
    </Filter>
    <Filter Include="System\TaskSystem">
      <UniqueIdentifier>{bc313ae2-786a-44b4-b842-300b83257917}</UniqueIdentifier>
    </Filter>
  </ItemGroup>
  <ItemGroup>
    <ClCompile Include="src\Graphics.cpp">
      <Filter>Graphics</Filter>
    </ClCompile>
    <ClCompile Include="src\GraphicsPrimitives.cpp">
      <Filter>Graphics</Filter>
    </ClCompile>
    <ClCompile Include="src\Window.cpp">
      <Filter>Graphics</Filter>
    </ClCompile>
    <ClCompile Include="src\Scene.cpp">
      <Filter>System\ECS</Filter>
    </ClCompile>
    <ClCompile Include="src\Component.cpp">
      <Filter>System\ECS</Filter>
    </ClCompile>
    <ClCompile Include="src\ImGui\imgui.cpp">
      <Filter>ImGui</Filter>
    </ClCompile>
    <ClCompile Include="src\ImGui\imgui_demo.cpp">
      <Filter>ImGui</Filter>
    </ClCompile>
    <ClCompile Include="src\ImGui\imgui_draw.cpp">
      <Filter>ImGui</Filter>
    </ClCompile>
    <ClCompile Include="src\ImGui\imgui_impl_dx11.cpp">
      <Filter>ImGui</Filter>
    </ClCompile>
    <ClCompile Include="src\ImGui\imgui_impl_win32.cpp">
      <Filter>ImGui</Filter>
    </ClCompile>
    <ClCompile Include="src\ImGui\imgui_widgets.cpp">
      <Filter>ImGui</Filter>
    </ClCompile>
    <ClCompile Include="src\Input.cpp">
      <Filter>System</Filter>
    </ClCompile>
    <ClCompile Include="src\Timer.cpp">
      <Filter>System</Filter>
    </ClCompile>
    <ClCompile Include="src\AssetLoader.cpp">
      <Filter>Utils</Filter>
    </ClCompile>
    <ClCompile Include="src\Debug.cpp">
      <Filter>System</Filter>
    </ClCompile>
    <ClCompile Include="src\Engine.cpp">
      <Filter>System</Filter>
    </ClCompile>
    <ClCompile Include="src\stb\stb_lib.cpp">
      <Filter>Utils</Filter>
    </ClCompile>
    <ClCompile Include="src\GraphicsAPI_dx11.cpp">
      <Filter>Graphics\DirectX11</Filter>
    </ClCompile>
    <ClCompile Include="src\PostProcess.cpp">
      <Filter>Renderer</Filter>
    </ClCompile>
    <ClCompile Include="src\RenderGraph.cpp">
      <Filter>Renderer</Filter>
    </ClCompile>
    <ClCompile Include="src\Exception.cpp">
      <Filter>Configuration</Filter>
    </ClCompile>
    <ClCompile Include="src\Transform.cpp">
      <Filter>System\Components</Filter>
    </ClCompile>
    <ClCompile Include="src\PostProcessComponent.cpp">
      <Filter>System\Components</Filter>
    </ClCompile>
    <ClCompile Include="src\CameraComponent.cpp">
      <Filter>System\Components</Filter>
    </ClCompile>
    <ClCompile Include="src\BlurEffect.cpp">
      <Filter>Renderer\Effects</Filter>
    </ClCompile>
    <ClCompile Include="src\BloomEffect.cpp">
      <Filter>Renderer\Effects</Filter>
    </ClCompile>
    <ClCompile Include="src\OutlineRenderPass.cpp">
      <Filter>Renderer\RenderPasses</Filter>
    </ClCompile>
    <ClCompile Include="src\PostProcessRenderPass.cpp">
      <Filter>Renderer\RenderPasses</Filter>
    </ClCompile>
    <ClCompile Include="src\GraphicsObjects.cpp">
      <Filter>Graphics\Objects</Filter>
    </ClCompile>
    <ClCompile Include="src\Renderer3D.cpp">
      <Filter>Renderer</Filter>
    </ClCompile>
    <ClCompile Include="src\Rendering3DPass.cpp">
      <Filter>Renderer\RenderPasses</Filter>
    </ClCompile>
    <ClCompile Include="src\Rendering2DPass.cpp">
      <Filter>Renderer\RenderPasses</Filter>
    </ClCompile>
    <ClCompile Include="src\Renderer2D.cpp">
      <Filter>Renderer</Filter>
    </ClCompile>
    <ClCompile Include="src\Mesh.cpp">
      <Filter>Graphics\Objects</Filter>
    </ClCompile>
    <ClCompile Include="src\TaskSystem.cpp">
      <Filter>System\TaskSystem</Filter>
    </ClCompile>
    <ClCompile Include="src\StateManager.cpp">
      <Filter>System</Filter>
    </ClCompile>
  </ItemGroup>
  <ItemGroup>
    <ClInclude Include="src\Window.h">
      <Filter>Graphics</Filter>
    </ClInclude>
    <ClInclude Include="src\Graphics.h">
      <Filter>Graphics</Filter>
    </ClInclude>
    <ClInclude Include="src\GraphicsDesc.h">
      <Filter>Graphics</Filter>
    </ClInclude>
    <ClInclude Include="src\GraphicsPrimitives.h">
      <Filter>Graphics</Filter>
    </ClInclude>
    <ClInclude Include="src\Component.h">
      <Filter>System\ECS</Filter>
    </ClInclude>
    <ClInclude Include="src\Components.h">
      <Filter>System\ECS</Filter>
    </ClInclude>
    <ClInclude Include="src\Entity.h">
      <Filter>System\ECS</Filter>
    </ClInclude>
    <ClInclude Include="src\Scene.h">
      <Filter>System\ECS</Filter>
    </ClInclude>
    <ClInclude Include="src\System.h">
      <Filter>System\ECS</Filter>
    </ClInclude>
    <ClInclude Include="src\Timer.h">
      <Filter>System</Filter>
    </ClInclude>
    <ClInclude Include="src\EventSystem.h">
      <Filter>System</Filter>
    </ClInclude>
    <ClInclude Include="src\WinLib.h">
      <Filter>Graphics</Filter>
    </ClInclude>
    <ClInclude Include="src\Input.h">
      <Filter>System</Filter>
    </ClInclude>
    <ClInclude Include="src\ImGui\imconfig.h">
      <Filter>ImGui</Filter>
    </ClInclude>
    <ClInclude Include="src\ImGui\imgui.h">
      <Filter>ImGui</Filter>
    </ClInclude>
    <ClInclude Include="src\ImGui\imgui_impl_dx11.h">
      <Filter>ImGui</Filter>
    </ClInclude>
    <ClInclude Include="src\ImGui\imgui_impl_win32.h">
      <Filter>ImGui</Filter>
    </ClInclude>
    <ClInclude Include="src\ImGui\imgui_internal.h">
      <Filter>ImGui</Filter>
    </ClInclude>
    <ClInclude Include="src\ImGui\imstb_rectpack.h">
      <Filter>ImGui</Filter>
    </ClInclude>
    <ClInclude Include="src\ImGui\imstb_textedit.h">
      <Filter>ImGui</Filter>
    </ClInclude>
    <ClInclude Include="src\ImGui\imstb_truetype.h">
      <Filter>ImGui</Filter>
    </ClInclude>
    <ClInclude Include="src\Math.h">
      <Filter>Utils</Filter>
    </ClInclude>
    <ClInclude Include="src\AssetLoader.h">
      <Filter>Utils</Filter>
    </ClInclude>
    <ClInclude Include="src\safe_queue.h">
      <Filter>Utils</Filter>
    </ClInclude>
    <ClInclude Include="src\vector.h">
      <Filter>Utils</Filter>
    </ClInclude>
    <ClInclude Include="src\State.h">
      <Filter>System</Filter>
    </ClInclude>
    <ClInclude Include="src\Engine.h">
      <Filter>System</Filter>
    </ClInclude>
    <ClInclude Include="src\Debug.h">
      <Filter>System</Filter>
    </ClInclude>
    <ClInclude Include="include\jshEngine.h">
      <Filter>Include</Filter>
    </ClInclude>
    <ClInclude Include="src\stb\stb_lib.h">
      <Filter>Utils</Filter>
    </ClInclude>
    <ClInclude Include="src\DirectX11Lib.h">
      <Filter>Graphics\DirectX11</Filter>
    </ClInclude>
    <ClInclude Include="src\GraphicsAPI_dx11.h">
      <Filter>Graphics\DirectX11</Filter>
    </ClInclude>
    <ClInclude Include="src\PostProcess.h">
      <Filter>Renderer</Filter>
    </ClInclude>
    <ClInclude Include="src\Renderer.h">
      <Filter>Renderer</Filter>
    </ClInclude>
    <ClInclude Include="src\RenderGraph.h">
      <Filter>Renderer</Filter>
    </ClInclude>
    <ClInclude Include="src\config.h">
      <Filter>Configuration</Filter>
    </ClInclude>
    <ClInclude Include="src\common.h">
      <Filter>Configuration</Filter>
    </ClInclude>
    <ClInclude Include="src\Exception.h">
      <Filter>Configuration</Filter>
    </ClInclude>
    <ClInclude Include="src\Transform.h">
      <Filter>System\Components</Filter>
    </ClInclude>
    <ClInclude Include="src\PostProcessComponent.h">
      <Filter>System\Components</Filter>
    </ClInclude>
    <ClInclude Include="src\LightComponent.h">
      <Filter>System\Components</Filter>
    </ClInclude>
    <ClInclude Include="src\MeshComponent.h">
      <Filter>System\Components</Filter>
    </ClInclude>
    <ClInclude Include="src\NameComponent.h">
      <Filter>System\Components</Filter>
    </ClInclude>
    <ClInclude Include="src\OutlineComponent.h">
      <Filter>System\Components</Filter>
    </ClInclude>
    <ClInclude Include="src\CameraComponent.h">
      <Filter>System\Components</Filter>
    </ClInclude>
    <ClInclude Include="src\BlurEffect.h">
      <Filter>Renderer\Effects</Filter>
    </ClInclude>
    <ClInclude Include="src\BloomEffect.h">
      <Filter>Renderer\Effects</Filter>
    </ClInclude>
    <ClInclude Include="src\OutlineRenderPass.h">
      <Filter>Renderer\RenderPasses</Filter>
    </ClInclude>
    <ClInclude Include="src\PostProcessRenderPass.h">
      <Filter>Renderer\RenderPasses</Filter>
    </ClInclude>
    <ClInclude Include="src\SpriteComponent.h">
      <Filter>System\Components</Filter>
    </ClInclude>
    <ClInclude Include="src\batch_pool.h">
      <Filter>Utils</Filter>
    </ClInclude>
    <ClInclude Include="src\GraphicsObjects.h">
      <Filter>Graphics\Objects</Filter>
    </ClInclude>
    <ClInclude Include="src\RawData.h">
      <Filter>Graphics\Objects</Filter>
    </ClInclude>
    <ClInclude Include="src\Mesh.h">
      <Filter>Graphics\Objects</Filter>
    </ClInclude>
    <ClInclude Include="src\Material.h">
      <Filter>Graphics\Objects</Filter>
    </ClInclude>
    <ClInclude Include="src\Shader.h">
      <Filter>Graphics\Objects</Filter>
    </ClInclude>
    <ClInclude Include="src\Renderer3D.h">
      <Filter>Renderer</Filter>
    </ClInclude>
    <ClInclude Include="src\MeshBatch.h">
      <Filter>Renderer</Filter>
    </ClInclude>
    <ClInclude Include="src\SpriteBatch.h">
      <Filter>Renderer</Filter>
    </ClInclude>
    <ClInclude Include="src\Rendering2DPass.h">
      <Filter>Renderer\RenderPasses</Filter>
    </ClInclude>
    <ClInclude Include="src\Rendering3DPass.h">
      <Filter>Renderer\RenderPasses</Filter>
    </ClInclude>
    <ClInclude Include="src\Renderer2D.h">
      <Filter>Renderer</Filter>
    </ClInclude>
    <ClInclude Include="src\TaskSystem.h">
      <Filter>System\TaskSystem</Filter>
    </ClInclude>
    <ClInclude Include="src\ThreadPrimitives.h">
      <Filter>System\TaskSystem</Filter>
    </ClInclude>
    <ClInclude Include="src\DefaultLoadState.h">
      <Filter>System</Filter>
    </ClInclude>
    <ClInclude Include="src\StateManager.h">
      <Filter>System</Filter>
    </ClInclude>
  </ItemGroup>
  <ItemGroup>
    <FxCompile Include="src\SolidVertex.hlsl">
      <Filter>Graphics\Shaders</Filter>
    </FxCompile>
    <FxCompile Include="src\NormalPixel.hlsl">
      <Filter>Graphics\Shaders</Filter>
    </FxCompile>
    <FxCompile Include="src\NormalVertex.hlsl">
      <Filter>Graphics\Shaders</Filter>
    </FxCompile>
    <FxCompile Include="src\OutlineMaskPixel.hlsl">
      <Filter>Graphics\Shaders</Filter>
    </FxCompile>
    <FxCompile Include="src\OutlineMaskVertex.hlsl">
      <Filter>Graphics\Shaders</Filter>
    </FxCompile>
    <FxCompile Include="src\SimpleColPixel.hlsl">
      <Filter>Graphics\Shaders</Filter>
    </FxCompile>
    <FxCompile Include="src\SimpleColVertex.hlsl">
      <Filter>Graphics\Shaders</Filter>
    </FxCompile>
    <FxCompile Include="src\SimpleTexPixel.hlsl">
      <Filter>Graphics\Shaders</Filter>
    </FxCompile>
    <FxCompile Include="src\SimpleTexVertex.hlsl">
      <Filter>Graphics\Shaders</Filter>
    </FxCompile>
    <FxCompile Include="src\SolidPixel.hlsl">
      <Filter>Graphics\Shaders</Filter>
    </FxCompile>
    <FxCompile Include="src\PostProcessVertex.hlsl">
      <Filter>Graphics\Shaders\PostProcess</Filter>
    </FxCompile>
    <FxCompile Include="src\PP.hlsl">
      <Filter>Graphics\Shaders\PostProcess</Filter>
    </FxCompile>
    <FxCompile Include="src\PPBlur.hlsl">
      <Filter>Graphics\Shaders\PostProcess</Filter>
    </FxCompile>
    <FxCompile Include="src\PPAlphaBlur.hlsl">
      <Filter>Graphics\Shaders\PostProcess</Filter>
    </FxCompile>
    <FxCompile Include="src\PPBloom.hlsl">
      <Filter>Graphics\Shaders\PostProcess</Filter>
    </FxCompile>
    <FxCompile Include="src\PPColorCorrection.hlsl">
      <Filter>Graphics\Shaders\PostProcess</Filter>
    </FxCompile>
    <FxCompile Include="src\SpriteVertex.hlsl">
      <Filter>Graphics\Shaders</Filter>
    </FxCompile>
    <FxCompile Include="src\SpritePixel.hlsl">
      <Filter>Graphics\Shaders</Filter>
    </FxCompile>
  </ItemGroup>
  <ItemGroup>
    <None Include="src\Camera.hlsli">
      <Filter>Graphics\Shaders</Filter>
    </None>
    <None Include="src\common.hlsli">
      <Filter>Graphics\Shaders</Filter>
    </None>
    <None Include="src\Instance.hlsli">
      <Filter>Graphics\Shaders</Filter>
    </None>
    <None Include="src\Light.hlsli">
      <Filter>Graphics\Shaders</Filter>
    </None>
    <None Include="src\Material.hlsli">
      <Filter>Graphics\Shaders</Filter>
    </None>
  </ItemGroup>
</Project>